
Microsoft Visual Studio Solution File, Format Version 12.00
# Visual Studio Version 16
VisualStudioVersion = 16.0.32413.511
MinimumVisualStudioVersion = 10.0.40219.1
Project("{FAE04EC0-301F-11D3-BF4B-00C04F79EFBC}") = "week3", "week3\week3.csproj", "{84E59EBF-8F59-4051-87D5-F964D76AC1FE}"
EndProject
Global
	GlobalSection(SolutionConfigurationPlatforms) = preSolution
		Debug|Any CPU = Debug|Any CPU
		Release|Any CPU = Release|Any CPU
	EndGlobalSection
	GlobalSection(ProjectConfigurationPlatforms) = postSolution
		{84E59EBF-8F59-4051-87D5-F964D76AC1FE}.Debug|Any CPU.ActiveCfg = Debug|Any CPU
		{84E59EBF-8F59-4051-87D5-F964D76AC1FE}.Debug|Any CPU.Build.0 = Debug|Any CPU
		{84E59EBF-8F59-4051-87D5-F964D76AC1FE}.Release|Any CPU.ActiveCfg = Release|Any CPU
		{84E59EBF-8F59-4051-87D5-F964D76AC1FE}.Release|Any CPU.Build.0 = Release|Any CPU
	EndGlobalSection
	GlobalSection(SolutionProperties) = preSolution
		HideSolutionNode = FALSE
	EndGlobalSection
	GlobalSection(ExtensibilityGlobals) = postSolution
		SolutionGuid = {F3FEDCCF-CBC4-43FD-9347-2AFABE85A167}
	EndGlobalSection
EndGlobal
